
Microsoft Visual Studio Solution File, Format Version 12.00
# Visual Studio Version 17
VisualStudioVersion = 17.14.36408.4
MinimumVisualStudioVersion = 10.0.40219.1
Project("{2150E333-8FDC-42A3-9474-1A3956D46DE8}") = "src", "src", "{02EA681E-C7D8-13C7-8484-4AC65E1B71E8}"
EndProject
Project("{2150E333-8FDC-42A3-9474-1A3956D46DE8}") = "tests", "tests", "{CF7418D4-BF8F-4556-8F3F-CADDA0530E8B}"
EndProject
Project("{FAE04EC0-301F-11D3-BF4B-00C04F79EFBC}") = "GreeneKing.Talks.SpeakerRegistration.Domain", "GreeneKing.Talks.SpeakerRegistration.Domain\GreeneKing.Talks.SpeakerRegistration.Domain.csproj", "{4A41DBDD-DB17-4DE2-B341-86E5350FFFB0}"
EndProject
Project("{FAE04EC0-301F-11D3-BF4B-00C04F79EFBC}") = "GreeneKing.Talks.SpeakerRegistration.Application", "GreeneKing.Talks.SpeakerRegistration.Application\GreeneKing.Talks.SpeakerRegistration.Application.csproj", "{39B88B5A-4E86-4602-990D-A502A0AB5E26}"
EndProject
Project("{FAE04EC0-301F-11D3-BF4B-00C04F79EFBC}") = "GreeneKing.Talks.Api", "GreeneKing.Talks.Api\GreeneKing.Talks.Api.csproj", "{9DE688D9-C2AE-4591-8464-D49F413427A0}"
EndProject
Project("{FAE04EC0-301F-11D3-BF4B-00C04F79EFBC}") = "GreeneKing.Talks.SpeakerRegistration.Tests", "GreeneKing.Talks.SpeakerRegistration.Tests\GreeneKing.Talks.SpeakerRegistration.Tests.csproj", "{FEA268AB-59F2-4D8C-B541-2ABB14C596DD}"
EndProject
Global
	GlobalSection(SolutionConfigurationPlatforms) = preSolution
		Debug|Any CPU = Debug|Any CPU
		Release|Any CPU = Release|Any CPU
	EndGlobalSection
	GlobalSection(ProjectConfigurationPlatforms) = postSolution
		{4A41DBDD-DB17-4DE2-B341-86E5350FFFB0}.Debug|Any CPU.ActiveCfg = Debug|Any CPU
		{4A41DBDD-DB17-4DE2-B341-86E5350FFFB0}.Debug|Any CPU.Build.0 = Debug|Any CPU
		{4A41DBDD-DB17-4DE2-B341-86E5350FFFB0}.Release|Any CPU.ActiveCfg = Release|Any CPU
		{4A41DBDD-DB17-4DE2-B341-86E5350FFFB0}.Release|Any CPU.Build.0 = Release|Any CPU
		{39B88B5A-4E86-4602-990D-A502A0AB5E26}.Debug|Any CPU.ActiveCfg = Debug|Any CPU
		{39B88B5A-4E86-4602-990D-A502A0AB5E26}.Debug|Any CPU.Build.0 = Debug|Any CPU
		{39B88B5A-4E86-4602-990D-A502A0AB5E26}.Release|Any CPU.ActiveCfg = Release|Any CPU
		{39B88B5A-4E86-4602-990D-A502A0AB5E26}.Release|Any CPU.Build.0 = Release|Any CPU
		{9DE688D9-C2AE-4591-8464-D49F413427A0}.Debug|Any CPU.ActiveCfg = Debug|Any CPU
		{9DE688D9-C2AE-4591-8464-D49F413427A0}.Debug|Any CPU.Build.0 = Debug|Any CPU
		{9DE688D9-C2AE-4591-8464-D49F413427A0}.Release|Any CPU.ActiveCfg = Release|Any CPU
		{9DE688D9-C2AE-4591-8464-D49F413427A0}.Release|Any CPU.Build.0 = Release|Any CPU
		{FEA268AB-59F2-4D8C-B541-2ABB14C596DD}.Debug|Any CPU.ActiveCfg = Debug|Any CPU
		{FEA268AB-59F2-4D8C-B541-2ABB14C596DD}.Debug|Any CPU.Build.0 = Debug|Any CPU
		{FEA268AB-59F2-4D8C-B541-2ABB14C596DD}.Release|Any CPU.ActiveCfg = Release|Any CPU
		{FEA268AB-59F2-4D8C-B541-2ABB14C596DD}.Release|Any CPU.Build.0 = Release|Any CPU
	EndGlobalSection
	GlobalSection(SolutionProperties) = preSolution
		HideSolutionNode = FALSE
	EndGlobalSection
	GlobalSection(NestedProjects) = preSolution
		{4A41DBDD-DB17-4DE2-B341-86E5350FFFB0} = {02EA681E-C7D8-13C7-8484-4AC65E1B71E8}
		{39B88B5A-4E86-4602-990D-A502A0AB5E26} = {02EA681E-C7D8-13C7-8484-4AC65E1B71E8}
		{9DE688D9-C2AE-4591-8464-D49F413427A0} = {02EA681E-C7D8-13C7-8484-4AC65E1B71E8}
		{FEA268AB-59F2-4D8C-B541-2ABB14C596DD} = {CF7418D4-BF8F-4556-8F3F-CADDA0530E8B}
	EndGlobalSection
	GlobalSection(ExtensibilityGlobals) = postSolution
		SolutionGuid = {972408A0-AFFB-4D10-B2D7-BC4306592A8C}
	EndGlobalSection
EndGlobal
